github.com/nalgeon/be v0.2.0 h1:i1Rsh0F+aNnHdbgph5Cy8Xm5uMVeWrUpm1olgzlPsMo=
github.com/nalgeon/be v0.2.0/go.mod h1:PMwMuBLopwKJkSHnr2qHyLcZYUTqNejN7A8RAqNWO3E=
golang.org/x/text v0.28.0 h1:rhazDwis8INMIwQ4tpjLDzUhx6RlXqZNPEM0huQojng=
golang.org/x/text v0.28.0/go.mod h1:U8nCwOR8jO/marOQ0QbDiOngZVEBB7MAiitBuMjXiNU=
